// !$*UTF8*$!
{
	archiveVersion = 1;
	classes = {
	};
	objectVersion = 55;
	objects = {

/* Begin PBXBuildFile section */
		B008A87728BF5C590036F1EF /* AppConfig.plist in Resources */ = {isa = PBXBuildFile; fileRef = B008A87628BF5C590036F1EF /* AppConfig.plist */; };
		B008A87A28BF6C2A0036F1EF /* Localizable.strings in Resources */ = {isa = PBXBuildFile; fileRef = B008A87C28BF6C2A0036F1EF /* Localizable.strings */; };
		B008A88128BF71760036F1EF /* String+extensions.swift in Sources */ = {isa = PBXBuildFile; fileRef = B008A88028BF71760036F1EF /* String+extensions.swift */; };
		B008A88428BF87380036F1EF /* RootViewModel.swift in Sources */ = {isa = PBXBuildFile; fileRef = B008A88328BF87380036F1EF /* RootViewModel.swift */; };
		B04E2A2028BE4F3A006E8969 /* AppDelegate.swift in Sources */ = {isa = PBXBuildFile; fileRef = B04E2A1F28BE4F3A006E8969 /* AppDelegate.swift */; };
		B04E2A2428BE4F3A006E8969 /* RootViewController.swift in Sources */ = {isa = PBXBuildFile; fileRef = B04E2A2328BE4F3A006E8969 /* RootViewController.swift */; };
		B04E2A2C28BE4F3C006E8969 /* Assets.xcassets in Resources */ = {isa = PBXBuildFile; fileRef = B04E2A2B28BE4F3C006E8969 /* Assets.xcassets */; };
		B04E2A2F28BE4F3C006E8969 /* LaunchScreen.storyboard in Resources */ = {isa = PBXBuildFile; fileRef = B04E2A2D28BE4F3C006E8969 /* LaunchScreen.storyboard */; };
		B04E2A3A28BE4F3D006E8969 /* MVVMCTests.swift in Sources */ = {isa = PBXBuildFile; fileRef = B04E2A3928BE4F3D006E8969 /* MVVMCTests.swift */; };
		B04E2A4428BE4F3D006E8969 /* MVVMCUITests.swift in Sources */ = {isa = PBXBuildFile; fileRef = B04E2A4328BE4F3D006E8969 /* MVVMCUITests.swift */; };
		B04E2A4628BE4F3D006E8969 /* MVVMCUITestsLaunchTests.swift in Sources */ = {isa = PBXBuildFile; fileRef = B04E2A4528BE4F3D006E8969 /* MVVMCUITestsLaunchTests.swift */; };
		B04E2A5E28BE51F5006E8969 /* CoreDataStorage.swift in Sources */ = {isa = PBXBuildFile; fileRef = B04E2A5D28BE51F5006E8969 /* CoreDataStorage.swift */; };
		B04E2A6028BE58AA006E8969 /* AppDIContainer.swift in Sources */ = {isa = PBXBuildFile; fileRef = B04E2A5F28BE58AA006E8969 /* AppDIContainer.swift */; };
		B04E2A6228BE591B006E8969 /* AppCoordinator.swift in Sources */ = {isa = PBXBuildFile; fileRef = B04E2A6128BE591B006E8969 /* AppCoordinator.swift */; };
		B04E2A6428BE5D24006E8969 /* AppConfigurator.swift in Sources */ = {isa = PBXBuildFile; fileRef = B04E2A6328BE5D24006E8969 /* AppConfigurator.swift */; };
		B078DA4C28D939C50074138C /* MVVMC_DB.xcdatamodeld in Resources */ = {isa = PBXBuildFile; fileRef = B04E2A2828BE4F3B006E8969 /* MVVMC_DB.xcdatamodeld */; };
		B078DA4E28DA22680074138C /* MainViewModel.swift in Sources */ = {isa = PBXBuildFile; fileRef = B078DA4D28DA22680074138C /* MainViewModel.swift */; };
		B078DA5028DA22760074138C /* MainViewController.swift in Sources */ = {isa = PBXBuildFile; fileRef = B078DA4F28DA22760074138C /* MainViewController.swift */; };
		B078DA5228DA26B50074138C /* MainSceneCoordinator.swift in Sources */ = {isa = PBXBuildFile; fileRef = B078DA5128DA26B50074138C /* MainSceneCoordinator.swift */; };
		B078DA5428DAA6DC0074138C /* SignInSceneCoordinator.swift in Sources */ = {isa = PBXBuildFile; fileRef = B078DA5328DAA6DC0074138C /* SignInSceneCoordinator.swift */; };
		B078DA5628DAA6FA0074138C /* SignInViewModel.swift in Sources */ = {isa = PBXBuildFile; fileRef = B078DA5528DAA6FA0074138C /* SignInViewModel.swift */; };
		B078DA5828DAA7200074138C /* SignInViewController.swift in Sources */ = {isa = PBXBuildFile; fileRef = B078DA5728DAA7200074138C /* SignInViewController.swift */; };
		B078DA5A28DAA8F80074138C /* SignUpSceneCoordinator.swift in Sources */ = {isa = PBXBuildFile; fileRef = B078DA5928DAA8F80074138C /* SignUpSceneCoordinator.swift */; };
		B078DA5C28DAAB210074138C /* SignUpViewModel.swift in Sources */ = {isa = PBXBuildFile; fileRef = B078DA5B28DAAB210074138C /* SignUpViewModel.swift */; };
		B078DA5E28DAAB7F0074138C /* SignUpViewController.swift in Sources */ = {isa = PBXBuildFile; fileRef = B078DA5D28DAAB7F0074138C /* SignUpViewController.swift */; };
		B0925C5828BE99C000D8FF73 /* AppConfiguratorTests.swift in Sources */ = {isa = PBXBuildFile; fileRef = B0925C5728BE99C000D8FF73 /* AppConfiguratorTests.swift */; };
		B09C14E828C76E1C00DFF709 /* AuthorizationService.swift in Sources */ = {isa = PBXBuildFile; fileRef = B09C14E728C76E1C00DFF709 /* AuthorizationService.swift */; };
		B09C14EB28C78B8900DFF709 /* AuthenticationProtocol.swift in Sources */ = {isa = PBXBuildFile; fileRef = B09C14EA28C78B8900DFF709 /* AuthenticationProtocol.swift */; };
		B09C14ED28C78C7100DFF709 /* UserProfile.swift in Sources */ = {isa = PBXBuildFile; fileRef = B09C14EC28C78C7100DFF709 /* UserProfile.swift */; };
		B09C14EF28C78D5E00DFF709 /* AuthorizationUseCases.swift in Sources */ = {isa = PBXBuildFile; fileRef = B09C14EE28C78D5E00DFF709 /* AuthorizationUseCases.swift */; };
		B09C14F328C7CF3B00DFF709 /* AuthorizationUseCasesTests.swift in Sources */ = {isa = PBXBuildFile; fileRef = B09C14F228C7CF3B00DFF709 /* AuthorizationUseCasesTests.swift */; };
		B09C14F528C90D5800DFF709 /* UserRepositoryProtocol.swift in Sources */ = {isa = PBXBuildFile; fileRef = B09C14F428C90D5800DFF709 /* UserRepositoryProtocol.swift */; };
		B09C14F728C90D8B00DFF709 /* UserUseCases.swift in Sources */ = {isa = PBXBuildFile; fileRef = B09C14F628C90D8B00DFF709 /* UserUseCases.swift */; };
		B09C14FB28D2F6FD00DFF709 /* DataTransferService.swift in Sources */ = {isa = PBXBuildFile; fileRef = B09C14FA28D2F6FD00DFF709 /* DataTransferService.swift */; };
		B09C14FD28D36CFB00DFF709 /* EncryptedStorage.swift in Sources */ = {isa = PBXBuildFile; fileRef = B09C14FC28D36CFB00DFF709 /* EncryptedStorage.swift */; };
		B09C14FF28D5EDC300DFF709 /* NetworkService.swift in Sources */ = {isa = PBXBuildFile; fileRef = B09C14FE28D5EDC300DFF709 /* NetworkService.swift */; };
		B09C150128D5F01B00DFF709 /* AuthorizationConfigurator.swift in Sources */ = {isa = PBXBuildFile; fileRef = B09C150028D5F01B00DFF709 /* AuthorizationConfigurator.swift */; };
		B09C150328D5F40C00DFF709 /* AuthDataTransferService.swift in Sources */ = {isa = PBXBuildFile; fileRef = B09C150228D5F40C00DFF709 /* AuthDataTransferService.swift */; };
		B09C150628D6018C00DFF709 /* ConfiguratorProtocol.swift in Sources */ = {isa = PBXBuildFile; fileRef = B09C150528D6018C00DFF709 /* ConfiguratorProtocol.swift */; };
		B09C150928D7441700DFF709 /* SecurityQueriesForPassword.swift in Sources */ = {isa = PBXBuildFile; fileRef = B09C150828D7441700DFF709 /* SecurityQueriesForPassword.swift */; };
		B09C150B28D7442F00DFF709 /* SecurityQueriesForSalt.swift in Sources */ = {isa = PBXBuildFile; fileRef = B09C150A28D7442F00DFF709 /* SecurityQueriesForSalt.swift */; };
		B09C150D28D76B9C00DFF709 /* Endpoint.swift in Sources */ = {isa = PBXBuildFile; fileRef = B09C150C28D76B9C00DFF709 /* Endpoint.swift */; };
		B09C150F28D79DE600DFF709 /* UserRepository.swift in Sources */ = {isa = PBXBuildFile; fileRef = B09C150E28D79DE600DFF709 /* UserRepository.swift */; };
		B09C151428D7A05600DFF709 /* UserPersistentStorage.swift in Sources */ = {isa = PBXBuildFile; fileRef = B09C151328D7A05600DFF709 /* UserPersistentStorage.swift */; };
		B09C151728D7A0DF00DFF709 /* CoreDataUserPersistentStorage.swift in Sources */ = {isa = PBXBuildFile; fileRef = B09C151628D7A0DF00DFF709 /* CoreDataUserPersistentStorage.swift */; };
		B09C151928D7B72800DFF709 /* SignUpSceneDIContainer.swift in Sources */ = {isa = PBXBuildFile; fileRef = B09C151828D7B72800DFF709 /* SignUpSceneDIContainer.swift */; };
		B09C151B28D7B75B00DFF709 /* SignInSceneDIContainer.swift in Sources */ = {isa = PBXBuildFile; fileRef = B09C151A28D7B75B00DFF709 /* SignInSceneDIContainer.swift */; };
		B09C151D28D7B77200DFF709 /* MainSceneDIContainer.swift in Sources */ = {isa = PBXBuildFile; fileRef = B09C151C28D7B77200DFF709 /* MainSceneDIContainer.swift */; };
		B0A4CCC128E365E600BB79E6 /* DetailViewController.swift in Sources */ = {isa = PBXBuildFile; fileRef = B0A4CCC028E365E600BB79E6 /* DetailViewController.swift */; };
		B0EA18F928D89EF400CE2C15 /* NetworkSession.swift in Sources */ = {isa = PBXBuildFile; fileRef = B0EA18F828D89EF400CE2C15 /* NetworkSession.swift */; };
		B0EA18FB28D8EB3000CE2C15 /* NetworkConfig.swift in Sources */ = {isa = PBXBuildFile; fileRef = B0EA18FA28D8EB3000CE2C15 /* NetworkConfig.swift */; };
		B0EA18FF28D9180E00CE2C15 /* API.swift in Sources */ = {isa = PBXBuildFile; fileRef = B0EA18FE28D9180E00CE2C15 /* API.swift */; };
		B0EA190128D918C700CE2C15 /* TickerDTO.swift in Sources */ = {isa = PBXBuildFile; fileRef = B0EA190028D918C700CE2C15 /* TickerDTO.swift */; };
		B0EA190328D91F3500CE2C15 /* Ticker.swift in Sources */ = {isa = PBXBuildFile; fileRef = B0EA190228D91F3500CE2C15 /* Ticker.swift */; };
/* End PBXBuildFile section */

/* Begin PBXContainerItemProxy section */
		B04E2A3628BE4F3D006E8969 /* PBXContainerItemProxy */ = {
			isa = PBXContainerItemProxy;
			containerPortal = B04E2A1428BE4F3A006E8969 /* Project object */;
			proxyType = 1;
			remoteGlobalIDString = B04E2A1B28BE4F3A006E8969;
			remoteInfo = MVVMC;
		};
		B04E2A4028BE4F3D006E8969 /* PBXContainerItemProxy */ = {
			isa = PBXContainerItemProxy;
			containerPortal = B04E2A1428BE4F3A006E8969 /* Project object */;
			proxyType = 1;
			remoteGlobalIDString = B04E2A1B28BE4F3A006E8969;
			remoteInfo = MVVMC;
		};
/* End PBXContainerItemProxy section */

/* Begin PBXFileReference section */
		B008A87628BF5C590036F1EF /* AppConfig.plist */ = {isa = PBXFileReference; lastKnownFileType = text.plist.xml; path = AppConfig.plist; sourceTree = "<group>"; };
		B008A87B28BF6C2A0036F1EF /* en */ = {isa = PBXFileReference; lastKnownFileType = text.plist.strings; name = en; path = en.lproj/Localizable.strings; sourceTree = "<group>"; };
		B008A88028BF71760036F1EF /* String+extensions.swift */ = {isa = PBXFileReference; lastKnownFileType = sourcecode.swift; path = "String+extensions.swift"; sourceTree = "<group>"; };
		B008A88328BF87380036F1EF /* RootViewModel.swift */ = {isa = PBXFileReference; lastKnownFileType = sourcecode.swift; path = RootViewModel.swift; sourceTree = "<group>"; };
		B04E2A1C28BE4F3A006E8969 /* MVVMC.app */ = {isa = PBXFileReference; explicitFileType = wrapper.application; includeInIndex = 0; path = MVVMC.app; sourceTree = BUILT_PRODUCTS_DIR; };
		B04E2A1F28BE4F3A006E8969 /* AppDelegate.swift */ = {isa = PBXFileReference; lastKnownFileType = sourcecode.swift; path = AppDelegate.swift; sourceTree = "<group>"; };
		B04E2A2328BE4F3A006E8969 /* RootViewController.swift */ = {isa = PBXFileReference; lastKnownFileType = sourcecode.swift; path = RootViewController.swift; sourceTree = "<group>"; };
		B04E2A2928BE4F3B006E8969 /* MVVMC.xcdatamodel */ = {isa = PBXFileReference; lastKnownFileType = wrapper.xcdatamodel; path = MVVMC.xcdatamodel; sourceTree = "<group>"; };
		B04E2A2B28BE4F3C006E8969 /* Assets.xcassets */ = {isa = PBXFileReference; lastKnownFileType = folder.assetcatalog; path = Assets.xcassets; sourceTree = "<group>"; };
		B04E2A2E28BE4F3C006E8969 /* Base */ = {isa = PBXFileReference; lastKnownFileType = file.storyboard; name = Base; path = Base.lproj/LaunchScreen.storyboard; sourceTree = "<group>"; };
		B04E2A3028BE4F3C006E8969 /* Info.plist */ = {isa = PBXFileReference; lastKnownFileType = text.plist.xml; path = Info.plist; sourceTree = "<group>"; };
		B04E2A3528BE4F3D006E8969 /* MVVMCTests.xctest */ = {isa = PBXFileReference; explicitFileType = wrapper.cfbundle; includeInIndex = 0; path = MVVMCTests.xctest; sourceTree = BUILT_PRODUCTS_DIR; };
		B04E2A3928BE4F3D006E8969 /* MVVMCTests.swift */ = {isa = PBXFileReference; lastKnownFileType = sourcecode.swift; path = MVVMCTests.swift; sourceTree = "<group>"; };
		B04E2A3F28BE4F3D006E8969 /* MVVMCUITests.xctest */ = {isa = PBXFileReference; explicitFileType = wrapper.cfbundle; includeInIndex = 0; path = MVVMCUITests.xctest; sourceTree = BUILT_PRODUCTS_DIR; };
		B04E2A4328BE4F3D006E8969 /* MVVMCUITests.swift */ = {isa = PBXFileReference; lastKnownFileType = sourcecode.swift; path = MVVMCUITests.swift; sourceTree = "<group>"; };
		B04E2A4528BE4F3D006E8969 /* MVVMCUITestsLaunchTests.swift */ = {isa = PBXFileReference; lastKnownFileType = sourcecode.swift; path = MVVMCUITestsLaunchTests.swift; sourceTree = "<group>"; };
		B04E2A5D28BE51F5006E8969 /* CoreDataStorage.swift */ = {isa = PBXFileReference; lastKnownFileType = sourcecode.swift; path = CoreDataStorage.swift; sourceTree = "<group>"; };
		B04E2A5F28BE58AA006E8969 /* AppDIContainer.swift */ = {isa = PBXFileReference; lastKnownFileType = sourcecode.swift; path = AppDIContainer.swift; sourceTree = "<group>"; };
		B04E2A6128BE591B006E8969 /* AppCoordinator.swift */ = {isa = PBXFileReference; lastKnownFileType = sourcecode.swift; path = AppCoordinator.swift; sourceTree = "<group>"; };
		B04E2A6328BE5D24006E8969 /* AppConfigurator.swift */ = {isa = PBXFileReference; lastKnownFileType = sourcecode.swift; path = AppConfigurator.swift; sourceTree = "<group>"; };
		B078DA4D28DA22680074138C /* MainViewModel.swift */ = {isa = PBXFileReference; lastKnownFileType = sourcecode.swift; path = MainViewModel.swift; sourceTree = "<group>"; };
		B078DA4F28DA22760074138C /* MainViewController.swift */ = {isa = PBXFileReference; lastKnownFileType = sourcecode.swift; path = MainViewController.swift; sourceTree = "<group>"; };
		B078DA5128DA26B50074138C /* MainSceneCoordinator.swift */ = {isa = PBXFileReference; lastKnownFileType = sourcecode.swift; path = MainSceneCoordinator.swift; sourceTree = "<group>"; };
		B078DA5328DAA6DC0074138C /* SignInSceneCoordinator.swift */ = {isa = PBXFileReference; lastKnownFileType = sourcecode.swift; path = SignInSceneCoordinator.swift; sourceTree = "<group>"; };
		B078DA5528DAA6FA0074138C /* SignInViewModel.swift */ = {isa = PBXFileReference; lastKnownFileType = sourcecode.swift; path = SignInViewModel.swift; sourceTree = "<group>"; };
		B078DA5728DAA7200074138C /* SignInViewController.swift */ = {isa = PBXFileReference; lastKnownFileType = sourcecode.swift; path = SignInViewController.swift; sourceTree = "<group>"; };
		B078DA5928DAA8F80074138C /* SignUpSceneCoordinator.swift */ = {isa = PBXFileReference; lastKnownFileType = sourcecode.swift; path = SignUpSceneCoordinator.swift; sourceTree = "<group>"; };
		B078DA5B28DAAB210074138C /* SignUpViewModel.swift */ = {isa = PBXFileReference; lastKnownFileType = sourcecode.swift; path = SignUpViewModel.swift; sourceTree = "<group>"; };
		B078DA5D28DAAB7F0074138C /* SignUpViewController.swift */ = {isa = PBXFileReference; lastKnownFileType = sourcecode.swift; path = SignUpViewController.swift; sourceTree = "<group>"; };
		B0925C5728BE99C000D8FF73 /* AppConfiguratorTests.swift */ = {isa = PBXFileReference; lastKnownFileType = sourcecode.swift; path = AppConfiguratorTests.swift; sourceTree = "<group>"; };
		B09C14E728C76E1C00DFF709 /* AuthorizationService.swift */ = {isa = PBXFileReference; lastKnownFileType = sourcecode.swift; path = AuthorizationService.swift; sourceTree = "<group>"; };
		B09C14EA28C78B8900DFF709 /* AuthenticationProtocol.swift */ = {isa = PBXFileReference; lastKnownFileType = sourcecode.swift; path = AuthenticationProtocol.swift; sourceTree = "<group>"; };
		B09C14EC28C78C7100DFF709 /* UserProfile.swift */ = {isa = PBXFileReference; lastKnownFileType = sourcecode.swift; path = UserProfile.swift; sourceTree = "<group>"; };
		B09C14EE28C78D5E00DFF709 /* AuthorizationUseCases.swift */ = {isa = PBXFileReference; lastKnownFileType = sourcecode.swift; path = AuthorizationUseCases.swift; sourceTree = "<group>"; };
		B09C14F228C7CF3B00DFF709 /* AuthorizationUseCasesTests.swift */ = {isa = PBXFileReference; lastKnownFileType = sourcecode.swift; path = AuthorizationUseCasesTests.swift; sourceTree = "<group>"; };
		B09C14F428C90D5800DFF709 /* UserRepositoryProtocol.swift */ = {isa = PBXFileReference; lastKnownFileType = sourcecode.swift; path = UserRepositoryProtocol.swift; sourceTree = "<group>"; };
		B09C14F628C90D8B00DFF709 /* UserUseCases.swift */ = {isa = PBXFileReference; lastKnownFileType = sourcecode.swift; path = UserUseCases.swift; sourceTree = "<group>"; };
		B09C14FA28D2F6FD00DFF709 /* DataTransferService.swift */ = {isa = PBXFileReference; lastKnownFileType = sourcecode.swift; path = DataTransferService.swift; sourceTree = "<group>"; };
		B09C14FC28D36CFB00DFF709 /* EncryptedStorage.swift */ = {isa = PBXFileReference; lastKnownFileType = sourcecode.swift; path = EncryptedStorage.swift; sourceTree = "<group>"; };
		B09C14FE28D5EDC300DFF709 /* NetworkService.swift */ = {isa = PBXFileReference; lastKnownFileType = sourcecode.swift; path = NetworkService.swift; sourceTree = "<group>"; };
		B09C150028D5F01B00DFF709 /* AuthorizationConfigurator.swift */ = {isa = PBXFileReference; lastKnownFileType = sourcecode.swift; path = AuthorizationConfigurator.swift; sourceTree = "<group>"; };
		B09C150228D5F40C00DFF709 /* AuthDataTransferService.swift */ = {isa = PBXFileReference; lastKnownFileType = sourcecode.swift; path = AuthDataTransferService.swift; sourceTree = "<group>"; };
		B09C150528D6018C00DFF709 /* ConfiguratorProtocol.swift */ = {isa = PBXFileReference; lastKnownFileType = sourcecode.swift; path = ConfiguratorProtocol.swift; sourceTree = "<group>"; };
		B09C150828D7441700DFF709 /* SecurityQueriesForPassword.swift */ = {isa = PBXFileReference; lastKnownFileType = sourcecode.swift; path = SecurityQueriesForPassword.swift; sourceTree = "<group>"; };
		B09C150A28D7442F00DFF709 /* SecurityQueriesForSalt.swift */ = {isa = PBXFileReference; lastKnownFileType = sourcecode.swift; path = SecurityQueriesForSalt.swift; sourceTree = "<group>"; };
		B09C150C28D76B9C00DFF709 /* Endpoint.swift */ = {isa = PBXFileReference; lastKnownFileType = sourcecode.swift; path = Endpoint.swift; sourceTree = "<group>"; };
		B09C150E28D79DE600DFF709 /* UserRepository.swift */ = {isa = PBXFileReference; lastKnownFileType = sourcecode.swift; path = UserRepository.swift; sourceTree = "<group>"; };
		B09C151328D7A05600DFF709 /* UserPersistentStorage.swift */ = {isa = PBXFileReference; lastKnownFileType = sourcecode.swift; path = UserPersistentStorage.swift; sourceTree = "<group>"; };
		B09C151628D7A0DF00DFF709 /* CoreDataUserPersistentStorage.swift */ = {isa = PBXFileReference; lastKnownFileType = sourcecode.swift; path = CoreDataUserPersistentStorage.swift; sourceTree = "<group>"; };
		B09C151828D7B72800DFF709 /* SignUpSceneDIContainer.swift */ = {isa = PBXFileReference; lastKnownFileType = sourcecode.swift; path = SignUpSceneDIContainer.swift; sourceTree = "<group>"; };
		B09C151A28D7B75B00DFF709 /* SignInSceneDIContainer.swift */ = {isa = PBXFileReference; lastKnownFileType = sourcecode.swift; path = SignInSceneDIContainer.swift; sourceTree = "<group>"; };
		B09C151C28D7B77200DFF709 /* MainSceneDIContainer.swift */ = {isa = PBXFileReference; lastKnownFileType = sourcecode.swift; path = MainSceneDIContainer.swift; sourceTree = "<group>"; };
		B0A4CCC028E365E600BB79E6 /* DetailViewController.swift */ = {isa = PBXFileReference; lastKnownFileType = sourcecode.swift; path = DetailViewController.swift; sourceTree = "<group>"; };
		B0EA18F828D89EF400CE2C15 /* NetworkSession.swift */ = {isa = PBXFileReference; lastKnownFileType = sourcecode.swift; path = NetworkSession.swift; sourceTree = "<group>"; };
		B0EA18FA28D8EB3000CE2C15 /* NetworkConfig.swift */ = {isa = PBXFileReference; lastKnownFileType = sourcecode.swift; path = NetworkConfig.swift; sourceTree = "<group>"; };
		B0EA18FE28D9180E00CE2C15 /* API.swift */ = {isa = PBXFileReference; lastKnownFileType = sourcecode.swift; path = API.swift; sourceTree = "<group>"; };
		B0EA190028D918C700CE2C15 /* TickerDTO.swift */ = {isa = PBXFileReference; lastKnownFileType = sourcecode.swift; path = TickerDTO.swift; sourceTree = "<group>"; };
		B0EA190228D91F3500CE2C15 /* Ticker.swift */ = {isa = PBXFileReference; lastKnownFileType = sourcecode.swift; path = Ticker.swift; sourceTree = "<group>"; };
/* End PBXFileReference section */

/* Begin PBXFrameworksBuildPhase section */
		B04E2A1928BE4F3A006E8969 /* Frameworks */ = {
			isa = PBXFrameworksBuildPhase;
			buildActionMask = 2147483647;
			files = (
			);
			runOnlyForDeploymentPostprocessing = 0;
		};
		B04E2A3228BE4F3D006E8969 /* Frameworks */ = {
			isa = PBXFrameworksBuildPhase;
			buildActionMask = 2147483647;
			files = (
			);
			runOnlyForDeploymentPostprocessing = 0;
		};
		B04E2A3C28BE4F3D006E8969 /* Frameworks */ = {
			isa = PBXFrameworksBuildPhase;
			buildActionMask = 2147483647;
			files = (
			);
			runOnlyForDeploymentPostprocessing = 0;
		};
/* End PBXFrameworksBuildPhase section */

/* Begin PBXGroup section */
		B008A87928BF69A40036F1EF /* Infrastructure */ = {
			isa = PBXGroup;
			children = (
				B09C14E528C72BE700DFF709 /* Networking */,
			);
			path = Infrastructure;
			sourceTree = "<group>";
		};
		B008A87D28BF70100036F1EF /* DIContainers */ = {
			isa = PBXGroup;
			children = (
				B04E2A5F28BE58AA006E8969 /* AppDIContainer.swift */,
				B09C151828D7B72800DFF709 /* SignUpSceneDIContainer.swift */,
				B09C151A28D7B75B00DFF709 /* SignInSceneDIContainer.swift */,
				B09C151C28D7B77200DFF709 /* MainSceneDIContainer.swift */,
			);
			path = DIContainers;
			sourceTree = "<group>";
		};
		B008A87E28BF71280036F1EF /* Utils */ = {
			isa = PBXGroup;
			children = (
				B008A87F28BF71420036F1EF /* extensions */,
			);
			path = Utils;
			sourceTree = "<group>";
		};
		B008A87F28BF71420036F1EF /* extensions */ = {
			isa = PBXGroup;
			children = (
				B008A88028BF71760036F1EF /* String+extensions.swift */,
			);
			path = extensions;
			sourceTree = "<group>";
		};
		B008A88228BF71FC0036F1EF /* UI */ = {
			isa = PBXGroup;
			children = (
				B0EA18F728D8975200CE2C15 /* AppSceneFlow */,
				B09C152028D7CDEC00DFF709 /* MainSceneFlow */,
				B09C151F28D7CDD500DFF709 /* SignInSceneFlow */,
				B09C151E28D7CDC000DFF709 /* SignUpSceneFlow */,
			);
			path = UI;
			sourceTree = "<group>";
		};
		B008A88528BF8D660036F1EF /* Common */ = {
			isa = PBXGroup;
			children = (
				B008A88628BF8D7C0036F1EF /* Interfaces */,
			);
			path = Common;
			sourceTree = "<group>";
		};
		B008A88628BF8D7C0036F1EF /* Interfaces */ = {
			isa = PBXGroup;
			children = (
			);
			path = Interfaces;
			sourceTree = "<group>";
		};
		B04E2A1328BE4F3A006E8969 = {
			isa = PBXGroup;
			children = (
				B04E2A1E28BE4F3A006E8969 /* MVVMC */,
				B09C150428D6016A00DFF709 /* Common */,
				B04E2A3828BE4F3D006E8969 /* MVVMCTests */,
				B04E2A4228BE4F3D006E8969 /* MVVMCUITests */,
				B04E2A1D28BE4F3A006E8969 /* Products */,
			);
			sourceTree = "<group>";
		};
		B04E2A1D28BE4F3A006E8969 /* Products */ = {
			isa = PBXGroup;
			children = (
				B04E2A1C28BE4F3A006E8969 /* MVVMC.app */,
				B04E2A3528BE4F3D006E8969 /* MVVMCTests.xctest */,
				B04E2A3F28BE4F3D006E8969 /* MVVMCUITests.xctest */,
			);
			name = Products;
			sourceTree = "<group>";
		};
		B04E2A1E28BE4F3A006E8969 /* MVVMC */ = {
			isa = PBXGroup;
			children = (
				B04E2A5228BE4F43006E8969 /* Application */,
				B04E2A5828BE51A0006E8969 /* Domain */,
				B04E2A5728BE517B006E8969 /* Presentor */,
				B04E2A5628BE5154006E8969 /* Data */,
				B008A87928BF69A40036F1EF /* Infrastructure */,
				B09C14E628C76DF500DFF709 /* Authorization */,
				B04E2A5328BE4FA2006E8969 /* Resources */,
			);
			path = MVVMC;
			sourceTree = "<group>";
		};
		B04E2A3828BE4F3D006E8969 /* MVVMCTests */ = {
			isa = PBXGroup;
			children = (
				B09C14F028C7CF0A00DFF709 /* Domain */,
				B0925C5928BE99C500D8FF73 /* Application */,
				B04E2A3928BE4F3D006E8969 /* MVVMCTests.swift */,
			);
			path = MVVMCTests;
			sourceTree = "<group>";
		};
		B04E2A4228BE4F3D006E8969 /* MVVMCUITests */ = {
			isa = PBXGroup;
			children = (
				B04E2A4328BE4F3D006E8969 /* MVVMCUITests.swift */,
				B04E2A4528BE4F3D006E8969 /* MVVMCUITestsLaunchTests.swift */,
			);
			path = MVVMCUITests;
			sourceTree = "<group>";
		};
		B04E2A5228BE4F43006E8969 /* Application */ = {
			isa = PBXGroup;
			children = (
				B04E2A1F28BE4F3A006E8969 /* AppDelegate.swift */,
				B04E2A6128BE591B006E8969 /* AppCoordinator.swift */,
				B04E2A6328BE5D24006E8969 /* AppConfigurator.swift */,
				B008A87D28BF70100036F1EF /* DIContainers */,
			);
			path = Application;
			sourceTree = "<group>";
		};
		B04E2A5328BE4FA2006E8969 /* Resources */ = {
			isa = PBXGroup;
			children = (
				B008A87628BF5C590036F1EF /* AppConfig.plist */,
				B04E2A2B28BE4F3C006E8969 /* Assets.xcassets */,
				B04E2A2D28BE4F3C006E8969 /* LaunchScreen.storyboard */,
				B04E2A3028BE4F3C006E8969 /* Info.plist */,
				B008A87C28BF6C2A0036F1EF /* Localizable.strings */,
			);
			path = Resources;
			sourceTree = "<group>";
		};
		B04E2A5628BE5154006E8969 /* Data */ = {
			isa = PBXGroup;
			children = (
				B0EA18FC28D917C500CE2C15 /* Network */,
				B09C151028D79F2A00DFF709 /* Repositories */,
				B09C151128D79F7F00DFF709 /* PersistenceStorages */,
			);
			path = Data;
			sourceTree = "<group>";
		};
		B04E2A5728BE517B006E8969 /* Presentor */ = {
			isa = PBXGroup;
			children = (
				B008A88528BF8D660036F1EF /* Common */,
				B008A88228BF71FC0036F1EF /* UI */,
			);
			path = Presentor;
			sourceTree = "<group>";
		};
		B04E2A5828BE51A0006E8969 /* Domain */ = {
			isa = PBXGroup;
			children = (
				B04E2A5928BE51A9006E8969 /* Entities */,
				B04E2A5A28BE51B1006E8969 /* UseCases */,
				B04E2A5B28BE51B9006E8969 /* Interfaces */,
			);
			path = Domain;
			sourceTree = "<group>";
		};
		B04E2A5928BE51A9006E8969 /* Entities */ = {
			isa = PBXGroup;
			children = (
				B09C14EC28C78C7100DFF709 /* UserProfile.swift */,
				B0EA190228D91F3500CE2C15 /* Ticker.swift */,
			);
			path = Entities;
			sourceTree = "<group>";
		};
		B04E2A5A28BE51B1006E8969 /* UseCases */ = {
			isa = PBXGroup;
			children = (
				B09C14EE28C78D5E00DFF709 /* AuthorizationUseCases.swift */,
				B09C14F628C90D8B00DFF709 /* UserUseCases.swift */,
			);
			path = UseCases;
			sourceTree = "<group>";
		};
		B04E2A5B28BE51B9006E8969 /* Interfaces */ = {
			isa = PBXGroup;
			children = (
				B09C14EA28C78B8900DFF709 /* AuthenticationProtocol.swift */,
				B09C14F428C90D5800DFF709 /* UserRepositoryProtocol.swift */,
			);
			path = Interfaces;
			sourceTree = "<group>";
		};
		B04E2A5C28BE51D9006E8969 /* CoreDataStore */ = {
			isa = PBXGroup;
			children = (
				B04E2A5D28BE51F5006E8969 /* CoreDataStorage.swift */,
				B04E2A2828BE4F3B006E8969 /* MVVMC_DB.xcdatamodeld */,
			);
			path = CoreDataStore;
			sourceTree = "<group>";
		};
		B0925C5928BE99C500D8FF73 /* Application */ = {
			isa = PBXGroup;
			children = (
				B0925C5728BE99C000D8FF73 /* AppConfiguratorTests.swift */,
			);
			path = Application;
			sourceTree = "<group>";
		};
		B09C14E528C72BE700DFF709 /* Networking */ = {
			isa = PBXGroup;
			children = (
				B09C150228D5F40C00DFF709 /* AuthDataTransferService.swift */,
				B09C14FA28D2F6FD00DFF709 /* DataTransferService.swift */,
				B09C14FE28D5EDC300DFF709 /* NetworkService.swift */,
				B0EA18F828D89EF400CE2C15 /* NetworkSession.swift */,
				B09C150C28D76B9C00DFF709 /* Endpoint.swift */,
				B0EA18FA28D8EB3000CE2C15 /* NetworkConfig.swift */,
			);
			path = Networking;
			sourceTree = "<group>";
		};
		B09C14E628C76DF500DFF709 /* Authorization */ = {
			isa = PBXGroup;
			children = (
				B09C150728D743E800DFF709 /* EncryptedStorage */,
				B09C14E728C76E1C00DFF709 /* AuthorizationService.swift */,
				B09C150028D5F01B00DFF709 /* AuthorizationConfigurator.swift */,
			);
			path = Authorization;
			sourceTree = "<group>";
		};
		B09C14F028C7CF0A00DFF709 /* Domain */ = {
			isa = PBXGroup;
			children = (
				B09C14F128C7CF1900DFF709 /* UseCases */,
			);
			path = Domain;
			sourceTree = "<group>";
		};
		B09C14F128C7CF1900DFF709 /* UseCases */ = {
			isa = PBXGroup;
			children = (
				B09C14F228C7CF3B00DFF709 /* AuthorizationUseCasesTests.swift */,
			);
			path = UseCases;
			sourceTree = "<group>";
		};
		B09C150428D6016A00DFF709 /* Common */ = {
			isa = PBXGroup;
			children = (
				B008A87E28BF71280036F1EF /* Utils */,
				B09C150528D6018C00DFF709 /* ConfiguratorProtocol.swift */,
			);
			path = Common;
			sourceTree = "<group>";
		};
		B09C150728D743E800DFF709 /* EncryptedStorage */ = {
			isa = PBXGroup;
			children = (
				B09C14FC28D36CFB00DFF709 /* EncryptedStorage.swift */,
				B09C150828D7441700DFF709 /* SecurityQueriesForPassword.swift */,
				B09C150A28D7442F00DFF709 /* SecurityQueriesForSalt.swift */,
			);
			path = EncryptedStorage;
			sourceTree = "<group>";
		};
		B09C151028D79F2A00DFF709 /* Repositories */ = {
			isa = PBXGroup;
			children = (
				B09C150E28D79DE600DFF709 /* UserRepository.swift */,
			);
			path = Repositories;
			sourceTree = "<group>";
		};
		B09C151128D79F7F00DFF709 /* PersistenceStorages */ = {
			isa = PBXGroup;
			children = (
				B09C151228D7A03E00DFF709 /* UserPersistentStorage */,
				B04E2A5C28BE51D9006E8969 /* CoreDataStore */,
			);
			path = PersistenceStorages;
			sourceTree = "<group>";
		};
		B09C151228D7A03E00DFF709 /* UserPersistentStorage */ = {
			isa = PBXGroup;
			children = (
				B09C151328D7A05600DFF709 /* UserPersistentStorage.swift */,
				B09C151628D7A0DF00DFF709 /* CoreDataUserPersistentStorage.swift */,
			);
			path = UserPersistentStorage;
			sourceTree = "<group>";
		};
		B09C151E28D7CDC000DFF709 /* SignUpSceneFlow */ = {
			isa = PBXGroup;
			children = (
				B078DA5928DAA8F80074138C /* SignUpSceneCoordinator.swift */,
				B078DA5B28DAAB210074138C /* SignUpViewModel.swift */,
				B078DA5D28DAAB7F0074138C /* SignUpViewController.swift */,
			);
			path = SignUpSceneFlow;
			sourceTree = "<group>";
		};
		B09C151F28D7CDD500DFF709 /* SignInSceneFlow */ = {
			isa = PBXGroup;
			children = (
				B078DA5328DAA6DC0074138C /* SignInSceneCoordinator.swift */,
				B078DA5528DAA6FA0074138C /* SignInViewModel.swift */,
				B078DA5728DAA7200074138C /* SignInViewController.swift */,
			);
			path = SignInSceneFlow;
			sourceTree = "<group>";
		};
		B09C152028D7CDEC00DFF709 /* MainSceneFlow */ = {
			isa = PBXGroup;
			children = (
				B078DA5128DA26B50074138C /* MainSceneCoordinator.swift */,
				B078DA4D28DA22680074138C /* MainViewModel.swift */,
				B078DA4F28DA22760074138C /* MainViewController.swift */,
				B0A4CCC028E365E600BB79E6 /* DetailViewController.swift */,
			);
			path = MainSceneFlow;
			sourceTree = "<group>";
		};
		B0EA18F728D8975200CE2C15 /* AppSceneFlow */ = {
			isa = PBXGroup;
			children = (
				B04E2A2328BE4F3A006E8969 /* RootViewController.swift */,
				B008A88328BF87380036F1EF /* RootViewModel.swift */,
			);
			path = AppSceneFlow;
			sourceTree = "<group>";
		};
		B0EA18FC28D917C500CE2C15 /* Network */ = {
			isa = PBXGroup;
			children = (
				B0EA18FE28D9180E00CE2C15 /* API.swift */,
				B0EA18FD28D917D500CE2C15 /* DTOMapping */,
			);
			path = Network;
			sourceTree = "<group>";
		};
		B0EA18FD28D917D500CE2C15 /* DTOMapping */ = {
			isa = PBXGroup;
			children = (
				B0EA190028D918C700CE2C15 /* TickerDTO.swift */,
			);
			path = DTOMapping;
			sourceTree = "<group>";
		};
/* End PBXGroup section */

/* Begin PBXNativeTarget section */
		B04E2A1B28BE4F3A006E8969 /* MVVMC */ = {
			isa = PBXNativeTarget;
			buildConfigurationList = B04E2A4928BE4F3D006E8969 /* Build configuration list for PBXNativeTarget "MVVMC" */;
			buildPhases = (
				B04E2A1828BE4F3A006E8969 /* Sources */,
				B04E2A1928BE4F3A006E8969 /* Frameworks */,
				B04E2A1A28BE4F3A006E8969 /* Resources */,
			);
			buildRules = (
			);
			dependencies = (
			);
			name = MVVMC;
			productName = MVVMC;
			productReference = B04E2A1C28BE4F3A006E8969 /* MVVMC.app */;
			productType = "com.apple.product-type.application";
		};
		B04E2A3428BE4F3D006E8969 /* MVVMCTests */ = {
			isa = PBXNativeTarget;
			buildConfigurationList = B04E2A4C28BE4F3D006E8969 /* Build configuration list for PBXNativeTarget "MVVMCTests" */;
			buildPhases = (
				B04E2A3128BE4F3D006E8969 /* Sources */,
				B04E2A3228BE4F3D006E8969 /* Frameworks */,
				B04E2A3328BE4F3D006E8969 /* Resources */,
			);
			buildRules = (
			);
			dependencies = (
				B04E2A3728BE4F3D006E8969 /* PBXTargetDependency */,
			);
			name = MVVMCTests;
			productName = MVVMCTests;
			productReference = B04E2A3528BE4F3D006E8969 /* MVVMCTests.xctest */;
			productType = "com.apple.product-type.bundle.unit-test";
		};
		B04E2A3E28BE4F3D006E8969 /* MVVMCUITests */ = {
			isa = PBXNativeTarget;
			buildConfigurationList = B04E2A4F28BE4F3D006E8969 /* Build configuration list for PBXNativeTarget "MVVMCUITests" */;
			buildPhases = (
				B04E2A3B28BE4F3D006E8969 /* Sources */,
				B04E2A3C28BE4F3D006E8969 /* Frameworks */,
				B04E2A3D28BE4F3D006E8969 /* Resources */,
			);
			buildRules = (
			);
			dependencies = (
				B04E2A4128BE4F3D006E8969 /* PBXTargetDependency */,
			);
			name = MVVMCUITests;
			productName = MVVMCUITests;
			productReference = B04E2A3F28BE4F3D006E8969 /* MVVMCUITests.xctest */;
			productType = "com.apple.product-type.bundle.ui-testing";
		};
/* End PBXNativeTarget section */

/* Begin PBXProject section */
		B04E2A1428BE4F3A006E8969 /* Project object */ = {
			isa = PBXProject;
			attributes = {
				BuildIndependentTargetsInParallel = 1;
				LastSwiftUpdateCheck = 1330;
				LastUpgradeCheck = 1330;
				TargetAttributes = {
					B04E2A1B28BE4F3A006E8969 = {
						CreatedOnToolsVersion = 13.3.1;
					};
					B04E2A3428BE4F3D006E8969 = {
						CreatedOnToolsVersion = 13.3.1;
						TestTargetID = B04E2A1B28BE4F3A006E8969;
					};
					B04E2A3E28BE4F3D006E8969 = {
						CreatedOnToolsVersion = 13.3.1;
						TestTargetID = B04E2A1B28BE4F3A006E8969;
					};
				};
			};
			buildConfigurationList = B04E2A1728BE4F3A006E8969 /* Build configuration list for PBXProject "MVVMC" */;
			compatibilityVersion = "Xcode 13.0";
			developmentRegion = en;
			hasScannedForEncodings = 0;
			knownRegions = (
				en,
				Base,
			);
			mainGroup = B04E2A1328BE4F3A006E8969;
			productRefGroup = B04E2A1D28BE4F3A006E8969 /* Products */;
			projectDirPath = "";
			projectRoot = "";
			targets = (
				B04E2A1B28BE4F3A006E8969 /* MVVMC */,
				B04E2A3428BE4F3D006E8969 /* MVVMCTests */,
				B04E2A3E28BE4F3D006E8969 /* MVVMCUITests */,
			);
		};
/* End PBXProject section */

/* Begin PBXResourcesBuildPhase section */
		B04E2A1A28BE4F3A006E8969 /* Resources */ = {
			isa = PBXResourcesBuildPhase;
			buildActionMask = 2147483647;
			files = (
				B078DA4C28D939C50074138C /* MVVMC_DB.xcdatamodeld in Resources */,
				B008A87728BF5C590036F1EF /* AppConfig.plist in Resources */,
				B04E2A2F28BE4F3C006E8969 /* LaunchScreen.storyboard in Resources */,
				B008A87A28BF6C2A0036F1EF /* Localizable.strings in Resources */,
				B04E2A2C28BE4F3C006E8969 /* Assets.xcassets in Resources */,
			);
			runOnlyForDeploymentPostprocessing = 0;
		};
		B04E2A3328BE4F3D006E8969 /* Resources */ = {
			isa = PBXResourcesBuildPhase;
			buildActionMask = 2147483647;
			files = (
			);
			runOnlyForDeploymentPostprocessing = 0;
		};
		B04E2A3D28BE4F3D006E8969 /* Resources */ = {
			isa = PBXResourcesBuildPhase;
			buildActionMask = 2147483647;
			files = (
			);
			runOnlyForDeploymentPostprocessing = 0;
		};
/* End PBXResourcesBuildPhase section */

/* Begin PBXSourcesBuildPhase section */
		B04E2A1828BE4F3A006E8969 /* Sources */ = {
			isa = PBXSourcesBuildPhase;
			buildActionMask = 2147483647;
			files = (
				B078DA4E28DA22680074138C /* MainViewModel.swift in Sources */,
				B09C151D28D7B77200DFF709 /* MainSceneDIContainer.swift in Sources */,
				B09C14F528C90D5800DFF709 /* UserRepositoryProtocol.swift in Sources */,
				B0EA190328D91F3500CE2C15 /* Ticker.swift in Sources */,
				B078DA5E28DAAB7F0074138C /* SignUpViewController.swift in Sources */,
				B04E2A6228BE591B006E8969 /* AppCoordinator.swift in Sources */,
				B09C14EB28C78B8900DFF709 /* AuthenticationProtocol.swift in Sources */,
				B09C150F28D79DE600DFF709 /* UserRepository.swift in Sources */,
				B078DA5628DAA6FA0074138C /* SignInViewModel.swift in Sources */,
				B04E2A2428BE4F3A006E8969 /* RootViewController.swift in Sources */,
				B09C14FF28D5EDC300DFF709 /* NetworkService.swift in Sources */,
				B0A4CCC128E365E600BB79E6 /* DetailViewController.swift in Sources */,
				B04E2A5E28BE51F5006E8969 /* CoreDataStorage.swift in Sources */,
				B09C150628D6018C00DFF709 /* ConfiguratorProtocol.swift in Sources */,
				B09C14FD28D36CFB00DFF709 /* EncryptedStorage.swift in Sources */,
				B04E2A6428BE5D24006E8969 /* AppConfigurator.swift in Sources */,
				B008A88128BF71760036F1EF /* String+extensions.swift in Sources */,
				B09C150D28D76B9C00DFF709 /* Endpoint.swift in Sources */,
				B078DA5028DA22760074138C /* MainViewController.swift in Sources */,
				B04E2A6028BE58AA006E8969 /* AppDIContainer.swift in Sources */,
				B078DA5228DA26B50074138C /* MainSceneCoordinator.swift in Sources */,
				B0EA18FB28D8EB3000CE2C15 /* NetworkConfig.swift in Sources */,
				B09C151428D7A05600DFF709 /* UserPersistentStorage.swift in Sources */,
				B09C151928D7B72800DFF709 /* SignUpSceneDIContainer.swift in Sources */,
				B09C150328D5F40C00DFF709 /* AuthDataTransferService.swift in Sources */,
				B04E2A2028BE4F3A006E8969 /* AppDelegate.swift in Sources */,
				B09C14ED28C78C7100DFF709 /* UserProfile.swift in Sources */,
				B09C150928D7441700DFF709 /* SecurityQueriesForPassword.swift in Sources */,
				B078DA5428DAA6DC0074138C /* SignInSceneCoordinator.swift in Sources */,
				B09C150B28D7442F00DFF709 /* SecurityQueriesForSalt.swift in Sources */,
				B0EA18FF28D9180E00CE2C15 /* API.swift in Sources */,
				B09C151B28D7B75B00DFF709 /* SignInSceneDIContainer.swift in Sources */,
				B09C14EF28C78D5E00DFF709 /* AuthorizationUseCases.swift in Sources */,
				B008A88428BF87380036F1EF /* RootViewModel.swift in Sources */,
				B09C150128D5F01B00DFF709 /* AuthorizationConfigurator.swift in Sources */,
				B09C14E828C76E1C00DFF709 /* AuthorizationService.swift in Sources */,
				B078DA5C28DAAB210074138C /* SignUpViewModel.swift in Sources */,
				B09C14F728C90D8B00DFF709 /* UserUseCases.swift in Sources */,
				B09C151728D7A0DF00DFF709 /* CoreDataUserPersistentStorage.swift in Sources */,
				B078DA5828DAA7200074138C /* SignInViewController.swift in Sources */,
				B09C14FB28D2F6FD00DFF709 /* DataTransferService.swift in Sources */,
				B0EA18F928D89EF400CE2C15 /* NetworkSession.swift in Sources */,
				B0EA190128D918C700CE2C15 /* TickerDTO.swift in Sources */,
				B078DA5A28DAA8F80074138C /* SignUpSceneCoordinator.swift in Sources */,
			);
			runOnlyForDeploymentPostprocessing = 0;
		};
		B04E2A3128BE4F3D006E8969 /* Sources */ = {
			isa = PBXSourcesBuildPhase;
			buildActionMask = 2147483647;
			files = (
				B0925C5828BE99C000D8FF73 /* AppConfiguratorTests.swift in Sources */,
				B04E2A3A28BE4F3D006E8969 /* MVVMCTests.swift in Sources */,
				B09C14F328C7CF3B00DFF709 /* AuthorizationUseCasesTests.swift in Sources */,
			);
			runOnlyForDeploymentPostprocessing = 0;
		};
		B04E2A3B28BE4F3D006E8969 /* Sources */ = {
			isa = PBXSourcesBuildPhase;
			buildActionMask = 2147483647;
			files = (
				B04E2A4628BE4F3D006E8969 /* MVVMCUITestsLaunchTests.swift in Sources */,
				B04E2A4428BE4F3D006E8969 /* MVVMCUITests.swift in Sources */,
			);
			runOnlyForDeploymentPostprocessing = 0;
		};
/* End PBXSourcesBuildPhase section */

/* Begin PBXTargetDependency section */
		B04E2A3728BE4F3D006E8969 /* PBXTargetDependency */ = {
			isa = PBXTargetDependency;
			target = B04E2A1B28BE4F3A006E8969 /* MVVMC */;
			targetProxy = B04E2A3628BE4F3D006E8969 /* PBXContainerItemProxy */;
		};
		B04E2A4128BE4F3D006E8969 /* PBXTargetDependency */ = {
			isa = PBXTargetDependency;
			target = B04E2A1B28BE4F3A006E8969 /* MVVMC */;
			targetProxy = B04E2A4028BE4F3D006E8969 /* PBXContainerItemProxy */;
		};
/* End PBXTargetDependency section */

/* Begin PBXVariantGroup section */
		B008A87C28BF6C2A0036F1EF /* Localizable.strings */ = {
			isa = PBXVariantGroup;
			children = (
				B008A87B28BF6C2A0036F1EF /* en */,
			);
			name = Localizable.strings;
			sourceTree = "<group>";
		};
		B04E2A2D28BE4F3C006E8969 /* LaunchScreen.storyboard */ = {
			isa = PBXVariantGroup;
			children = (
				B04E2A2E28BE4F3C006E8969 /* Base */,
			);
			name = LaunchScreen.storyboard;
			sourceTree = "<group>";
		};
/* End PBXVariantGroup section */

/* Begin XCBuildConfiguration section */
		B04E2A4728BE4F3D006E8969 /* Debug */ = {
			isa = XCBuildConfiguration;
			buildSettings = {
				ALWAYS_SEARCH_USER_PATHS = NO;
				CLANG_ANALYZER_NONNULL = YES;
				CLANG_ANALYZER_NUMBER_OBJECT_CONVERSION = YES_AGGRESSIVE;
				CLANG_CXX_LANGUAGE_STANDARD = "gnu++17";
				CLANG_ENABLE_MODULES = YES;
				CLANG_ENABLE_OBJC_ARC = YES;
				CLANG_ENABLE_OBJC_WEAK = YES;
				CLANG_WARN_BLOCK_CAPTURE_AUTORELEASING = YES;
				CLANG_WARN_BOOL_CONVERSION = YES;
				CLANG_WARN_COMMA = YES;
				CLANG_WARN_CONSTANT_CONVERSION = YES;
				CLANG_WARN_DEPRECATED_OBJC_IMPLEMENTATIONS = YES;
				CLANG_WARN_DIRECT_OBJC_ISA_USAGE = YES_ERROR;
				CLANG_WARN_DOCUMENTATION_COMMENTS = YES;
				CLANG_WARN_EMPTY_BODY = YES;
				CLANG_WARN_ENUM_CONVERSION = YES;
				CLANG_WARN_INFINITE_RECURSION = YES;
				CLANG_WARN_INT_CONVERSION = YES;
				CLANG_WARN_NON_LITERAL_NULL_CONVERSION = YES;
				CLANG_WARN_OBJC_IMPLICIT_RETAIN_SELF = YES;
				CLANG_WARN_OBJC_LITERAL_CONVERSION = YES;
				CLANG_WARN_OBJC_ROOT_CLASS = YES_ERROR;
				CLANG_WARN_QUOTED_INCLUDE_IN_FRAMEWORK_HEADER = YES;
				CLANG_WARN_RANGE_LOOP_ANALYSIS = YES;
				CLANG_WARN_STRICT_PROTOTYPES = YES;
				CLANG_WARN_SUSPICIOUS_MOVE = YES;
				CLANG_WARN_UNGUARDED_AVAILABILITY = YES_AGGRESSIVE;
				CLANG_WARN_UNREACHABLE_CODE = YES;
				CLANG_WARN__DUPLICATE_METHOD_MATCH = YES;
				COPY_PHASE_STRIP = NO;
				DEBUG_INFORMATION_FORMAT = dwarf;
				ENABLE_STRICT_OBJC_MSGSEND = YES;
				ENABLE_TESTABILITY = YES;
				GCC_C_LANGUAGE_STANDARD = gnu11;
				GCC_DYNAMIC_NO_PIC = NO;
				GCC_NO_COMMON_BLOCKS = YES;
				GCC_OPTIMIZATION_LEVEL = 0;
				GCC_PREPROCESSOR_DEFINITIONS = (
					"DEBUG=1",
					"$(inherited)",
				);
				GCC_WARN_64_TO_32_BIT_CONVERSION = YES;
				GCC_WARN_ABOUT_RETURN_TYPE = YES_ERROR;
				GCC_WARN_UNDECLARED_SELECTOR = YES;
				GCC_WARN_UNINITIALIZED_AUTOS = YES_AGGRESSIVE;
				GCC_WARN_UNUSED_FUNCTION = YES;
				GCC_WARN_UNUSED_VARIABLE = YES;
				IPHONEOS_DEPLOYMENT_TARGET = 15.4;
				MTL_ENABLE_DEBUG_INFO = INCLUDE_SOURCE;
				MTL_FAST_MATH = YES;
				ONLY_ACTIVE_ARCH = YES;
				SDKROOT = iphoneos;
				SWIFT_ACTIVE_COMPILATION_CONDITIONS = DEBUG;
				SWIFT_OPTIMIZATION_LEVEL = "-Onone";
			};
			name = Debug;
		};
		B04E2A4828BE4F3D006E8969 /* Release */ = {
			isa = XCBuildConfiguration;
			buildSettings = {
				ALWAYS_SEARCH_USER_PATHS = NO;
				CLANG_ANALYZER_NONNULL = YES;
				CLANG_ANALYZER_NUMBER_OBJECT_CONVERSION = YES_AGGRESSIVE;
				CLANG_CXX_LANGUAGE_STANDARD = "gnu++17";
				CLANG_ENABLE_MODULES = YES;
				CLANG_ENABLE_OBJC_ARC = YES;
				CLANG_ENABLE_OBJC_WEAK = YES;
				CLANG_WARN_BLOCK_CAPTURE_AUTORELEASING = YES;
				CLANG_WARN_BOOL_CONVERSION = YES;
				CLANG_WARN_COMMA = YES;
				CLANG_WARN_CONSTANT_CONVERSION = YES;
				CLANG_WARN_DEPRECATED_OBJC_IMPLEMENTATIONS = YES;
				CLANG_WARN_DIRECT_OBJC_ISA_USAGE = YES_ERROR;
				CLANG_WARN_DOCUMENTATION_COMMENTS = YES;
				CLANG_WARN_EMPTY_BODY = YES;
				CLANG_WARN_ENUM_CONVERSION = YES;
				CLANG_WARN_INFINITE_RECURSION = YES;
				CLANG_WARN_INT_CONVERSION = YES;
				CLANG_WARN_NON_LITERAL_NULL_CONVERSION = YES;
				CLANG_WARN_OBJC_IMPLICIT_RETAIN_SELF = YES;
				CLANG_WARN_OBJC_LITERAL_CONVERSION = YES;
				CLANG_WARN_OBJC_ROOT_CLASS = YES_ERROR;
				CLANG_WARN_QUOTED_INCLUDE_IN_FRAMEWORK_HEADER = YES;
				CLANG_WARN_RANGE_LOOP_ANALYSIS = YES;
				CLANG_WARN_STRICT_PROTOTYPES = YES;
				CLANG_WARN_SUSPICIOUS_MOVE = YES;
				CLANG_WARN_UNGUARDED_AVAILABILITY = YES_AGGRESSIVE;
				CLANG_WARN_UNREACHABLE_CODE = YES;
				CLANG_WARN__DUPLICATE_METHOD_MATCH = YES;
				COPY_PHASE_STRIP = NO;
				DEBUG_INFORMATION_FORMAT = "dwarf-with-dsym";
				ENABLE_NS_ASSERTIONS = NO;
				ENABLE_STRICT_OBJC_MSGSEND = YES;
				GCC_C_LANGUAGE_STANDARD = gnu11;
				GCC_NO_COMMON_BLOCKS = YES;
				GCC_WARN_64_TO_32_BIT_CONVERSION = YES;
				GCC_WARN_ABOUT_RETURN_TYPE = YES_ERROR;
				GCC_WARN_UNDECLARED_SELECTOR = YES;
				GCC_WARN_UNINITIALIZED_AUTOS = YES_AGGRESSIVE;
				GCC_WARN_UNUSED_FUNCTION = YES;
				GCC_WARN_UNUSED_VARIABLE = YES;
				IPHONEOS_DEPLOYMENT_TARGET = 15.4;
				MTL_ENABLE_DEBUG_INFO = NO;
				MTL_FAST_MATH = YES;
				SDKROOT = iphoneos;
				SWIFT_COMPILATION_MODE = wholemodule;
				SWIFT_OPTIMIZATION_LEVEL = "-O";
				VALIDATE_PRODUCT = YES;
			};
			name = Release;
		};
		B04E2A4A28BE4F3D006E8969 /* Debug */ = {
			isa = XCBuildConfiguration;
			buildSettings = {
				ASSETCATALOG_COMPILER_APPICON_NAME = AppIcon;
				ASSETCATALOG_COMPILER_GLOBAL_ACCENT_COLOR_NAME = AccentColor;
				CODE_SIGN_STYLE = Automatic;
				CURRENT_PROJECT_VERSION = 1;
				DEVELOPMENT_TEAM = 85MT5B8TB3;
				GENERATE_INFOPLIST_FILE = YES;
				INFOPLIST_FILE = MVVMC/Resources/Info.plist;
				INFOPLIST_KEY_UIApplicationSupportsIndirectInputEvents = YES;
				INFOPLIST_KEY_UILaunchStoryboardName = LaunchScreen;
				INFOPLIST_KEY_UISupportedInterfaceOrientations = "UIInterfaceOrientationPortrait UIInterfaceOrientationLandscapeLeft UIInterfaceOrientationLandscapeRight";
				INFOPLIST_KEY_UISupportedInterfaceOrientations_iPad = "UIInterfaceOrientationPortrait UIInterfaceOrientationPortraitUpsideDown UIInterfaceOrientationLandscapeLeft UIInterfaceOrientationLandscapeRight";
				INFOPLIST_KEY_UISupportedInterfaceOrientations_iPhone = "UIInterfaceOrientationPortrait UIInterfaceOrientationLandscapeLeft UIInterfaceOrientationLandscapeRight";
				LD_RUNPATH_SEARCH_PATHS = (
					"$(inherited)",
					"@executable_path/Frameworks",
				);
				MARKETING_VERSION = 1.0;
				PRODUCT_BUNDLE_IDENTIFIER = com.hdmdmm.MVVMC;
				PRODUCT_NAME = "$(TARGET_NAME)";
				SWIFT_EMIT_LOC_STRINGS = YES;
				SWIFT_VERSION = 5.0;
				TARGETED_DEVICE_FAMILY = "1,2";
			};
			name = Debug;
		};
		B04E2A4B28BE4F3D006E8969 /* Release */ = {
			isa = XCBuildConfiguration;
			buildSettings = {
				ASSETCATALOG_COMPILER_APPICON_NAME = AppIcon;
				ASSETCATALOG_COMPILER_GLOBAL_ACCENT_COLOR_NAME = AccentColor;
				CODE_SIGN_STYLE = Automatic;
				CURRENT_PROJECT_VERSION = 1;
				DEVELOPMENT_TEAM = 85MT5B8TB3;
				GENERATE_INFOPLIST_FILE = YES;
				INFOPLIST_FILE = MVVMC/Resources/Info.plist;
				INFOPLIST_KEY_UIApplicationSupportsIndirectInputEvents = YES;
				INFOPLIST_KEY_UILaunchStoryboardName = LaunchScreen;
				INFOPLIST_KEY_UISupportedInterfaceOrientations = "UIInterfaceOrientationPortrait UIInterfaceOrientationLandscapeLeft UIInterfaceOrientationLandscapeRight";
				INFOPLIST_KEY_UISupportedInterfaceOrientations_iPad = "UIInterfaceOrientationPortrait UIInterfaceOrientationPortraitUpsideDown UIInterfaceOrientationLandscapeLeft UIInterfaceOrientationLandscapeRight";
				INFOPLIST_KEY_UISupportedInterfaceOrientations_iPhone = "UIInterfaceOrientationPortrait UIInterfaceOrientationLandscapeLeft UIInterfaceOrientationLandscapeRight";
				LD_RUNPATH_SEARCH_PATHS = (
					"$(inherited)",
					"@executable_path/Frameworks",
				);
				MARKETING_VERSION = 1.0;
				PRODUCT_BUNDLE_IDENTIFIER = com.hdmdmm.MVVMC;
				PRODUCT_NAME = "$(TARGET_NAME)";
				SWIFT_EMIT_LOC_STRINGS = YES;
				SWIFT_VERSION = 5.0;
				TARGETED_DEVICE_FAMILY = "1,2";
			};
			name = Release;
		};
		B04E2A4D28BE4F3D006E8969 /* Debug */ = {
			isa = XCBuildConfiguration;
			buildSettings = {
				ALWAYS_EMBED_SWIFT_STANDARD_LIBRARIES = YES;
				BUNDLE_LOADER = "$(TEST_HOST)";
				CODE_SIGN_STYLE = Automatic;
				CURRENT_PROJECT_VERSION = 1;
				DEVELOPMENT_TEAM = 85MT5B8TB3;
				GENERATE_INFOPLIST_FILE = YES;
				IPHONEOS_DEPLOYMENT_TARGET = 15.4;
				MARKETING_VERSION = 1.0;
				PRODUCT_BUNDLE_IDENTIFIER = com.hdmdmm.MVVMCTests;
				PRODUCT_NAME = "$(TARGET_NAME)";
				SWIFT_EMIT_LOC_STRINGS = NO;
				SWIFT_VERSION = 5.0;
				TARGETED_DEVICE_FAMILY = "1,2";
				TEST_HOST = "$(BUILT_PRODUCTS_DIR)/MVVMC.app/MVVMC";
			};
			name = Debug;
		};
		B04E2A4E28BE4F3D006E8969 /* Release */ = {
			isa = XCBuildConfiguration;
			buildSettings = {
				ALWAYS_EMBED_SWIFT_STANDARD_LIBRARIES = YES;
				BUNDLE_LOADER = "$(TEST_HOST)";
				CODE_SIGN_STYLE = Automatic;
				CURRENT_PROJECT_VERSION = 1;
				DEVELOPMENT_TEAM = 85MT5B8TB3;
				GENERATE_INFOPLIST_FILE = YES;
				IPHONEOS_DEPLOYMENT_TARGET = 15.4;
				MARKETING_VERSION = 1.0;
				PRODUCT_BUNDLE_IDENTIFIER = com.hdmdmm.MVVMCTests;
				PRODUCT_NAME = "$(TARGET_NAME)";
				SWIFT_EMIT_LOC_STRINGS = NO;
				SWIFT_VERSION = 5.0;
				TARGETED_DEVICE_FAMILY = "1,2";
				TEST_HOST = "$(BUILT_PRODUCTS_DIR)/MVVMC.app/MVVMC";
			};
			name = Release;
		};
		B04E2A5028BE4F3D006E8969 /* Debug */ = {
			isa = XCBuildConfiguration;
			buildSettings = {
				ALWAYS_EMBED_SWIFT_STANDARD_LIBRARIES = YES;
				CODE_SIGN_STYLE = Automatic;
				CURRENT_PROJECT_VERSION = 1;
				DEVELOPMENT_TEAM = 85MT5B8TB3;
				GENERATE_INFOPLIST_FILE = YES;
				MARKETING_VERSION = 1.0;
				PRODUCT_BUNDLE_IDENTIFIER = com.hdmdmm.MVVMCUITests;
				PRODUCT_NAME = "$(TARGET_NAME)";
				SWIFT_EMIT_LOC_STRINGS = NO;
				SWIFT_VERSION = 5.0;
				TARGETED_DEVICE_FAMILY = "1,2";
				TEST_TARGET_NAME = MVVMC;
			};
			name = Debug;
		};
		B04E2A5128BE4F3D006E8969 /* Release */ = {
			isa = XCBuildConfiguration;
			buildSettings = {
				ALWAYS_EMBED_SWIFT_STANDARD_LIBRARIES = YES;
				CODE_SIGN_STYLE = Automatic;
				CURRENT_PROJECT_VERSION = 1;
				DEVELOPMENT_TEAM = 85MT5B8TB3;
				GENERATE_INFOPLIST_FILE = YES;
				MARKETING_VERSION = 1.0;
				PRODUCT_BUNDLE_IDENTIFIER = com.hdmdmm.MVVMCUITests;
				PRODUCT_NAME = "$(TARGET_NAME)";
				SWIFT_EMIT_LOC_STRINGS = NO;
				SWIFT_VERSION = 5.0;
				TARGETED_DEVICE_FAMILY = "1,2";
				TEST_TARGET_NAME = MVVMC;
			};
			name = Release;
		};
/* End XCBuildConfiguration section */

/* Begin XCConfigurationList section */
		B04E2A1728BE4F3A006E8969 /* Build configuration list for PBXProject "MVVMC" */ = {
			isa = XCConfigurationList;
			buildConfigurations = (
				B04E2A4728BE4F3D006E8969 /* Debug */,
				B04E2A4828BE4F3D006E8969 /* Release */,
			);
			defaultConfigurationIsVisible = 0;
			defaultConfigurationName = Release;
		};
		B04E2A4928BE4F3D006E8969 /* Build configuration list for PBXNativeTarget "MVVMC" */ = {
			isa = XCConfigurationList;
			buildConfigurations = (
				B04E2A4A28BE4F3D006E8969 /* Debug */,
				B04E2A4B28BE4F3D006E8969 /* Release */,
			);
			defaultConfigurationIsVisible = 0;
			defaultConfigurationName = Release;
		};
		B04E2A4C28BE4F3D006E8969 /* Build configuration list for PBXNativeTarget "MVVMCTests" */ = {
			isa = XCConfigurationList;
			buildConfigurations = (
				B04E2A4D28BE4F3D006E8969 /* Debug */,
				B04E2A4E28BE4F3D006E8969 /* Release */,
			);
			defaultConfigurationIsVisible = 0;
			defaultConfigurationName = Release;
		};
		B04E2A4F28BE4F3D006E8969 /* Build configuration list for PBXNativeTarget "MVVMCUITests" */ = {
			isa = XCConfigurationList;
			buildConfigurations = (
				B04E2A5028BE4F3D006E8969 /* Debug */,
				B04E2A5128BE4F3D006E8969 /* Release */,
			);
			defaultConfigurationIsVisible = 0;
			defaultConfigurationName = Release;
		};
/* End XCConfigurationList section */

/* Begin XCVersionGroup section */
		B04E2A2828BE4F3B006E8969 /* MVVMC_DB.xcdatamodeld */ = {
			isa = XCVersionGroup;
			children = (
				B04E2A2928BE4F3B006E8969 /* MVVMC.xcdatamodel */,
			);
			currentVersion = B04E2A2928BE4F3B006E8969 /* MVVMC.xcdatamodel */;
			path = MVVMC_DB.xcdatamodeld;
			sourceTree = "<group>";
			versionGroupType = wrapper.xcdatamodel;
		};
/* End XCVersionGroup section */
	};
	rootObject = B04E2A1428BE4F3A006E8969 /* Project object */;
}
